
Microsoft Visual Studio Solution File, Format Version 12.00
# Visual Studio Version 17
VisualStudioVersion = 17.7.34024.191
MinimumVisualStudioVersion = 10.0.40219.1
Project("{FAE04EC0-301F-11D3-BF4B-00C04F79EFBC}") = "DamageSystem", "DamageSystem\DamageSystem.csproj", "{E3AFE1D8-34EA-4270-82F4-C85A30A453D2}"
EndProject
Global
	GlobalSection(SolutionConfigurationPlatforms) = preSolution
		Debug|Any CPU = Debug|Any CPU
		Release|Any CPU = Release|Any CPU
	EndGlobalSection
	GlobalSection(ProjectConfigurationPlatforms) = postSolution
		{E3AFE1D8-34EA-4270-82F4-C85A30A453D2}.Debug|Any CPU.ActiveCfg = Debug|Any CPU
		{E3AFE1D8-34EA-4270-82F4-C85A30A453D2}.Debug|Any CPU.Build.0 = Debug|Any CPU
		{E3AFE1D8-34EA-4270-82F4-C85A30A453D2}.Release|Any CPU.ActiveCfg = Release|Any CPU
		{E3AFE1D8-34EA-4270-82F4-C85A30A453D2}.Release|Any CPU.Build.0 = Release|Any CPU
	EndGlobalSection
	GlobalSection(SolutionProperties) = preSolution
		HideSolutionNode = FALSE
	EndGlobalSection
	GlobalSection(ExtensibilityGlobals) = postSolution
		SolutionGuid = {5E590BB1-AC8C-4DA7-85A1-B0F29BBC8616}
	EndGlobalSection
EndGlobal
